
Microsoft Visual Studio Solution File, Format Version 12.00
# Visual Studio Version 16
VisualStudioVersion = 16.0.29613.14
MinimumVisualStudioVersion = 10.0.40219.1
Project("{FAE04EC0-301F-11D3-BF4B-00C04F79EFBC}") = "hw4-5-2020.02.27", "hw4-5-2020.02.27\hw4-5-2020.02.27.csproj", "{7CB48E25-FBB1-4594-8BFE-411FFAD3FC28}"
EndProject
Project("{FAE04EC0-301F-11D3-BF4B-00C04F79EFBC}") = "hw4-1-2020.02.27", "hw4-1-2020.02.27\hw4-1-2020.02.27.csproj", "{2C4C3A74-CF6E-4B18-A0F0-F6142FD51E4D}"
EndProject
Project("{FAE04EC0-301F-11D3-BF4B-00C04F79EFBC}") = "hw4-2-2020.02.27", "hw4-2-2020.02.27\hw4-2-2020.02.27.csproj", "{5F2E58DF-E9D6-4364-A960-EA1F6AA93992}"
EndProject
Project("{FAE04EC0-301F-11D3-BF4B-00C04F79EFBC}") = "hw4-3-2020.02.28", "hw4-3-2020.02.28\hw4-3-2020.02.28.csproj", "{E330F8D1-0E95-4465-BFB1-B942ED787EF7}"
EndProject
Project("{FAE04EC0-301F-11D3-BF4B-00C04F79EFBC}") = "hw4-4-2020.02.28", "hw4-4-2020.02.28\hw4-4-2020.02.28.csproj", "{6EC0651A-0AE6-47B3-BA55-EC3511DAC05F}"
EndProject
Global
	GlobalSection(SolutionConfigurationPlatforms) = preSolution
		Debug|Any CPU = Debug|Any CPU
		Release|Any CPU = Release|Any CPU
	EndGlobalSection
	GlobalSection(ProjectConfigurationPlatforms) = postSolution
		{7CB48E25-FBB1-4594-8BFE-411FFAD3FC28}.Debug|Any CPU.ActiveCfg = Debug|Any CPU
		{7CB48E25-FBB1-4594-8BFE-411FFAD3FC28}.Debug|Any CPU.Build.0 = Debug|Any CPU
		{7CB48E25-FBB1-4594-8BFE-411FFAD3FC28}.Release|Any CPU.ActiveCfg = Release|Any CPU
		{7CB48E25-FBB1-4594-8BFE-411FFAD3FC28}.Release|Any CPU.Build.0 = Release|Any CPU
		{2C4C3A74-CF6E-4B18-A0F0-F6142FD51E4D}.Debug|Any CPU.ActiveCfg = Debug|Any CPU
		{2C4C3A74-CF6E-4B18-A0F0-F6142FD51E4D}.Debug|Any CPU.Build.0 = Debug|Any CPU
		{2C4C3A74-CF6E-4B18-A0F0-F6142FD51E4D}.Release|Any CPU.ActiveCfg = Release|Any CPU
		{2C4C3A74-CF6E-4B18-A0F0-F6142FD51E4D}.Release|Any CPU.Build.0 = Release|Any CPU
		{5F2E58DF-E9D6-4364-A960-EA1F6AA93992}.Debug|Any CPU.ActiveCfg = Debug|Any CPU
		{5F2E58DF-E9D6-4364-A960-EA1F6AA93992}.Debug|Any CPU.Build.0 = Debug|Any CPU
		{5F2E58DF-E9D6-4364-A960-EA1F6AA93992}.Release|Any CPU.ActiveCfg = Release|Any CPU
		{5F2E58DF-E9D6-4364-A960-EA1F6AA93992}.Release|Any CPU.Build.0 = Release|Any CPU
		{E330F8D1-0E95-4465-BFB1-B942ED787EF7}.Debug|Any CPU.ActiveCfg = Debug|Any CPU
		{E330F8D1-0E95-4465-BFB1-B942ED787EF7}.Debug|Any CPU.Build.0 = Debug|Any CPU
		{E330F8D1-0E95-4465-BFB1-B942ED787EF7}.Release|Any CPU.ActiveCfg = Release|Any CPU
		{E330F8D1-0E95-4465-BFB1-B942ED787EF7}.Release|Any CPU.Build.0 = Release|Any CPU
		{6EC0651A-0AE6-47B3-BA55-EC3511DAC05F}.Debug|Any CPU.ActiveCfg = Debug|Any CPU
		{6EC0651A-0AE6-47B3-BA55-EC3511DAC05F}.Debug|Any CPU.Build.0 = Debug|Any CPU
		{6EC0651A-0AE6-47B3-BA55-EC3511DAC05F}.Release|Any CPU.ActiveCfg = Release|Any CPU
		{6EC0651A-0AE6-47B3-BA55-EC3511DAC05F}.Release|Any CPU.Build.0 = Release|Any CPU
	EndGlobalSection
	GlobalSection(SolutionProperties) = preSolution
		HideSolutionNode = FALSE
	EndGlobalSection
	GlobalSection(ExtensibilityGlobals) = postSolution
		SolutionGuid = {1DA4BFDB-3F16-46E8-9ABA-A2B576227023}
	EndGlobalSection
EndGlobal
